
Microsoft Visual Studio Solution File, Format Version 12.00
# Visual Studio Version 17
VisualStudioVersion = 17.11.35208.52
MinimumVisualStudioVersion = 10.0.40219.1
Project("{8BC9CEB8-8B4A-11D0-8D11-00A0C91BC942}") = "MSVC_PyDLL", "MSVC_PyDLL.vcxproj", "{66896F03-C0E4-4723-971E-0BC110C5E602}"
EndProject
Global
	GlobalSection(SolutionConfigurationPlatforms) = preSolution
		Debug|x64 = Debug|x64
		Debug|x86 = Debug|x86
		Release|x64 = Release|x64
		Release|x86 = Release|x86
	EndGlobalSection
	GlobalSection(ProjectConfigurationPlatforms) = postSolution
		{66896F03-C0E4-4723-971E-0BC110C5E602}.Debug|x64.ActiveCfg = Debug|x64
		{66896F03-C0E4-4723-971E-0BC110C5E602}.Debug|x64.Build.0 = Debug|x64
		{66896F03-C0E4-4723-971E-0BC110C5E602}.Debug|x86.ActiveCfg = Debug|Win32
		{66896F03-C0E4-4723-971E-0BC110C5E602}.Debug|x86.Build.0 = Debug|Win32
		{66896F03-C0E4-4723-971E-0BC110C5E602}.Release|x64.ActiveCfg = Release|x64
		{66896F03-C0E4-4723-971E-0BC110C5E602}.Release|x64.Build.0 = Release|x64
		{66896F03-C0E4-4723-971E-0BC110C5E602}.Release|x86.ActiveCfg = Release|Win32
		{66896F03-C0E4-4723-971E-0BC110C5E602}.Release|x86.Build.0 = Release|Win32
	EndGlobalSection
	GlobalSection(SolutionProperties) = preSolution
		HideSolutionNode = FALSE
	EndGlobalSection
	GlobalSection(ExtensibilityGlobals) = postSolution
		SolutionGuid = {ABE58EDC-97FA-46CC-A082-FB2732370711}
	EndGlobalSection
EndGlobal
